// !$*UTF8*$!
{
	archiveVersion = 1;
	classes = {
	};
	objectVersion = 48;
	objects = {

/* Begin PBXBuildFile section */
		539019E62033818700B9C41B /* AppDelegate.swift in Sources */ = {isa = PBXBuildFile; fileRef = 539019E52033818700B9C41B /* AppDelegate.swift */; };
		539019E82033818700B9C41B /* ViewController.swift in Sources */ = {isa = PBXBuildFile; fileRef = 539019E72033818700B9C41B /* ViewController.swift */; };
		539019EB2033818700B9C41B /* Main.storyboard in Resources */ = {isa = PBXBuildFile; fileRef = 539019E92033818700B9C41B /* Main.storyboard */; };
		539019ED2033818700B9C41B /* Assets.xcassets in Resources */ = {isa = PBXBuildFile; fileRef = 539019EC2033818700B9C41B /* Assets.xcassets */; };
		539019F02033818700B9C41B /* LaunchScreen.storyboard in Resources */ = {isa = PBXBuildFile; fileRef = 539019EE2033818700B9C41B /* LaunchScreen.storyboard */; };
		539019FB2033818700B9C41B /* Test_AandPTests.swift in Sources */ = {isa = PBXBuildFile; fileRef = 539019FA2033818700B9C41B /* Test_AandPTests.swift */; };
		53901A062033818700B9C41B /* Test_AandPUITests.swift in Sources */ = {isa = PBXBuildFile; fileRef = 53901A052033818700B9C41B /* Test_AandPUITests.swift */; };
		53901A14203382E500B9C41B /* TextViewDelegate.swift in Sources */ = {isa = PBXBuildFile; fileRef = 53901A13203382E500B9C41B /* TextViewDelegate.swift */; };
		53901A162033915600B9C41B /* InputViewController.swift in Sources */ = {isa = PBXBuildFile; fileRef = 53901A152033915600B9C41B /* InputViewController.swift */; };
/* End PBXBuildFile section */

/* Begin PBXContainerItemProxy section */
		539019F72033818700B9C41B /* PBXContainerItemProxy */ = {
			isa = PBXContainerItemProxy;
			containerPortal = 539019DA2033818700B9C41B /* Project object */;
			proxyType = 1;
			remoteGlobalIDString = 539019E12033818700B9C41B;
			remoteInfo = "Test AandP";
		};
		53901A022033818700B9C41B /* PBXContainerItemProxy */ = {
			isa = PBXContainerItemProxy;
			containerPortal = 539019DA2033818700B9C41B /* Project object */;
			proxyType = 1;
			remoteGlobalIDString = 539019E12033818700B9C41B;
			remoteInfo = "Test AandP";
		};
/* End PBXContainerItemProxy section */

/* Begin PBXFileReference section */
		539019E22033818700B9C41B /* Test AandP.app */ = {isa = PBXFileReference; explicitFileType = wrapper.application; includeInIndex = 0; path = "Test AandP.app"; sourceTree = BUILT_PRODUCTS_DIR; };
		539019E52033818700B9C41B /* AppDelegate.swift */ = {isa = PBXFileReference; lastKnownFileType = sourcecode.swift; path = AppDelegate.swift; sourceTree = "<group>"; };
		539019E72033818700B9C41B /* ViewController.swift */ = {isa = PBXFileReference; lastKnownFileType = sourcecode.swift; path = ViewController.swift; sourceTree = "<group>"; };
		539019EA2033818700B9C41B /* Base */ = {isa = PBXFileReference; lastKnownFileType = file.storyboard; name = Base; path = Base.lproj/Main.storyboard; sourceTree = "<group>"; };
		539019EC2033818700B9C41B /* Assets.xcassets */ = {isa = PBXFileReference; lastKnownFileType = folder.assetcatalog; path = Assets.xcassets; sourceTree = "<group>"; };
		539019EF2033818700B9C41B /* Base */ = {isa = PBXFileReference; lastKnownFileType = file.storyboard; name = Base; path = Base.lproj/LaunchScreen.storyboard; sourceTree = "<group>"; };
		539019F12033818700B9C41B /* Info.plist */ = {isa = PBXFileReference; lastKnownFileType = text.plist.xml; path = Info.plist; sourceTree = "<group>"; };
		539019F62033818700B9C41B /* Test AandPTests.xctest */ = {isa = PBXFileReference; explicitFileType = wrapper.cfbundle; includeInIndex = 0; path = "Test AandPTests.xctest"; sourceTree = BUILT_PRODUCTS_DIR; };
		539019FA2033818700B9C41B /* Test_AandPTests.swift */ = {isa = PBXFileReference; lastKnownFileType = sourcecode.swift; path = Test_AandPTests.swift; sourceTree = "<group>"; };
		539019FC2033818700B9C41B /* Info.plist */ = {isa = PBXFileReference; lastKnownFileType = text.plist.xml; path = Info.plist; sourceTree = "<group>"; };
		53901A012033818700B9C41B /* Test AandPUITests.xctest */ = {isa = PBXFileReference; explicitFileType = wrapper.cfbundle; includeInIndex = 0; path = "Test AandPUITests.xctest"; sourceTree = BUILT_PRODUCTS_DIR; };
		53901A052033818700B9C41B /* Test_AandPUITests.swift */ = {isa = PBXFileReference; lastKnownFileType = sourcecode.swift; path = Test_AandPUITests.swift; sourceTree = "<group>"; };
		53901A072033818700B9C41B /* Info.plist */ = {isa = PBXFileReference; lastKnownFileType = text.plist.xml; path = Info.plist; sourceTree = "<group>"; };
		53901A13203382E500B9C41B /* TextViewDelegate.swift */ = {isa = PBXFileReference; lastKnownFileType = sourcecode.swift; path = TextViewDelegate.swift; sourceTree = "<group>"; };
		53901A152033915600B9C41B /* InputViewController.swift */ = {isa = PBXFileReference; lastKnownFileType = sourcecode.swift; path = InputViewController.swift; sourceTree = "<group>"; };
/* End PBXFileReference section */

/* Begin PBXFrameworksBuildPhase section */
		539019DF2033818700B9C41B /* Frameworks */ = {
			isa = PBXFrameworksBuildPhase;
			buildActionMask = 2147483647;
			files = (
			);
			runOnlyForDeploymentPostprocessing = 0;
		};
		539019F32033818700B9C41B /* Frameworks */ = {
			isa = PBXFrameworksBuildPhase;
			buildActionMask = 2147483647;
			files = (
			);
			runOnlyForDeploymentPostprocessing = 0;
		};
		539019FE2033818700B9C41B /* Frameworks */ = {
			isa = PBXFrameworksBuildPhase;
			buildActionMask = 2147483647;
			files = (
			);
			runOnlyForDeploymentPostprocessing = 0;
		};
/* End PBXFrameworksBuildPhase section */

/* Begin PBXGroup section */
		539019D92033818700B9C41B = {
			isa = PBXGroup;
			children = (
				539019E42033818700B9C41B /* Test AandP */,
				539019F92033818700B9C41B /* Test AandPTests */,
				53901A042033818700B9C41B /* Test AandPUITests */,
				539019E32033818700B9C41B /* Products */,
			);
			sourceTree = "<group>";
		};
		539019E32033818700B9C41B /* Products */ = {
			isa = PBXGroup;
			children = (
				539019E22033818700B9C41B /* Test AandP.app */,
				539019F62033818700B9C41B /* Test AandPTests.xctest */,
				53901A012033818700B9C41B /* Test AandPUITests.xctest */,
			);
			name = Products;
			sourceTree = "<group>";
		};
		539019E42033818700B9C41B /* Test AandP */ = {
			isa = PBXGroup;
			children = (
				539019E52033818700B9C41B /* AppDelegate.swift */,
				539019E72033818700B9C41B /* ViewController.swift */,
				53901A152033915600B9C41B /* InputViewController.swift */,
				539019E92033818700B9C41B /* Main.storyboard */,
				53901A13203382E500B9C41B /* TextViewDelegate.swift */,
				539019EC2033818700B9C41B /* Assets.xcassets */,
				539019EE2033818700B9C41B /* LaunchScreen.storyboard */,
				539019F12033818700B9C41B /* Info.plist */,
			);
			path = "Test AandP";
			sourceTree = "<group>";
		};
		539019F92033818700B9C41B /* Test AandPTests */ = {
			isa = PBXGroup;
			children = (
				539019FA2033818700B9C41B /* Test_AandPTests.swift */,
				539019FC2033818700B9C41B /* Info.plist */,
			);
			path = "Test AandPTests";
			sourceTree = "<group>";
		};
		53901A042033818700B9C41B /* Test AandPUITests */ = {
			isa = PBXGroup;
			children = (
				53901A052033818700B9C41B /* Test_AandPUITests.swift */,
				53901A072033818700B9C41B /* Info.plist */,
			);
			path = "Test AandPUITests";
			sourceTree = "<group>";
		};
/* End PBXGroup section */

/* Begin PBXNativeTarget section */
		539019E12033818700B9C41B /* Test AandP */ = {
			isa = PBXNativeTarget;
			buildConfigurationList = 53901A0A2033818700B9C41B /* Build configuration list for PBXNativeTarget "Test AandP" */;
			buildPhases = (
				539019DE2033818700B9C41B /* Sources */,
				539019DF2033818700B9C41B /* Frameworks */,
				539019E02033818700B9C41B /* Resources */,
			);
			buildRules = (
			);
			dependencies = (
			);
			name = "Test AandP";
			productName = "Test AandP";
			productReference = 539019E22033818700B9C41B /* Test AandP.app */;
			productType = "com.apple.product-type.application";
		};
		539019F52033818700B9C41B /* Test AandPTests */ = {
			isa = PBXNativeTarget;
			buildConfigurationList = 53901A0D2033818700B9C41B /* Build configuration list for PBXNativeTarget "Test AandPTests" */;
			buildPhases = (
				539019F22033818700B9C41B /* Sources */,
				539019F32033818700B9C41B /* Frameworks */,
				539019F42033818700B9C41B /* Resources */,
			);
			buildRules = (
			);
			dependencies = (
				539019F82033818700B9C41B /* PBXTargetDependency */,
			);
			name = "Test AandPTests";
			productName = "Test AandPTests";
			productReference = 539019F62033818700B9C41B /* Test AandPTests.xctest */;
			productType = "com.apple.product-type.bundle.unit-test";
		};
		53901A002033818700B9C41B /* Test AandPUITests */ = {
			isa = PBXNativeTarget;
			buildConfigurationList = 53901A102033818700B9C41B /* Build configuration list for PBXNativeTarget "Test AandPUITests" */;
			buildPhases = (
				539019FD2033818700B9C41B /* Sources */,
				539019FE2033818700B9C41B /* Frameworks */,
				539019FF2033818700B9C41B /* Resources */,
			);
			buildRules = (
			);
			dependencies = (
				53901A032033818700B9C41B /* PBXTargetDependency */,
			);
			name = "Test AandPUITests";
			productName = "Test AandPUITests";
			productReference = 53901A012033818700B9C41B /* Test AandPUITests.xctest */;
			productType = "com.apple.product-type.bundle.ui-testing";
		};
/* End PBXNativeTarget section */

/* Begin PBXProject section */
		539019DA2033818700B9C41B /* Project object */ = {
			isa = PBXProject;
			attributes = {
				LastSwiftUpdateCheck = 0920;
				LastUpgradeCheck = 0920;
				ORGANIZATIONNAME = "Siegfried Hirczy";
				TargetAttributes = {
					539019E12033818700B9C41B = {
						CreatedOnToolsVersion = 9.2;
						ProvisioningStyle = Automatic;
					};
					539019F52033818700B9C41B = {
						CreatedOnToolsVersion = 9.2;
						ProvisioningStyle = Automatic;
						TestTargetID = 539019E12033818700B9C41B;
					};
					53901A002033818700B9C41B = {
						CreatedOnToolsVersion = 9.2;
						ProvisioningStyle = Automatic;
						TestTargetID = 539019E12033818700B9C41B;
					};
				};
			};
			buildConfigurationList = 539019DD2033818700B9C41B /* Build configuration list for PBXProject "Test AandP" */;
			compatibilityVersion = "Xcode 8.0";
			developmentRegion = en;
			hasScannedForEncodings = 0;
			knownRegions = (
				en,
				Base,
			);
			mainGroup = 539019D92033818700B9C41B;
			productRefGroup = 539019E32033818700B9C41B /* Products */;
			projectDirPath = "";
			projectRoot = "";
			targets = (
				539019E12033818700B9C41B /* Test AandP */,
				539019F52033818700B9C41B /* Test AandPTests */,
				53901A002033818700B9C41B /* Test AandPUITests */,
			);
		};
/* End PBXProject section */

/* Begin PBXResourcesBuildPhase section */
		539019E02033818700B9C41B /* Resources */ = {
			isa = PBXResourcesBuildPhase;
			buildActionMask = 2147483647;
			files = (
				539019F02033818700B9C41B /* LaunchScreen.storyboard in Resources */,
				539019ED2033818700B9C41B /* Assets.xcassets in Resources */,
				539019EB2033818700B9C41B /* Main.storyboard in Resources */,
			);
			runOnlyForDeploymentPostprocessing = 0;
		};
		539019F42033818700B9C41B /* Resources */ = {
			isa = PBXResourcesBuildPhase;
			buildActionMask = 2147483647;
			files = (
			);
			runOnlyForDeploymentPostprocessing = 0;
		};
		539019FF2033818700B9C41B /* Resources */ = {
			isa = PBXResourcesBuildPhase;
			buildActionMask = 2147483647;
			files = (
			);
			runOnlyForDeploymentPostprocessing = 0;
		};
/* End PBXResourcesBuildPhase section */

/* Begin PBXSourcesBuildPhase section */
		539019DE2033818700B9C41B /* Sources */ = {
			isa = PBXSourcesBuildPhase;
			buildActionMask = 2147483647;
			files = (
				539019E82033818700B9C41B /* ViewController.swift in Sources */,
				53901A14203382E500B9C41B /* TextViewDelegate.swift in Sources */,
				539019E62033818700B9C41B /* AppDelegate.swift in Sources */,
				53901A162033915600B9C41B /* InputViewController.swift in Sources */,
			);
			runOnlyForDeploymentPostprocessing = 0;
		};
		539019F22033818700B9C41B /* Sources */ = {
			isa = PBXSourcesBuildPhase;
			buildActionMask = 2147483647;
			files = (
				539019FB2033818700B9C41B /* Test_AandPTests.swift in Sources */,
			);
			runOnlyForDeploymentPostprocessing = 0;
		};
		539019FD2033818700B9C41B /* Sources */ = {
			isa = PBXSourcesBuildPhase;
			buildActionMask = 2147483647;
			files = (
				53901A062033818700B9C41B /* Test_AandPUITests.swift in Sources */,
			);
			runOnlyForDeploymentPostprocessing = 0;
		};
/* End PBXSourcesBuildPhase section */

/* Begin PBXTargetDependency section */
		539019F82033818700B9C41B /* PBXTargetDependency */ = {
			isa = PBXTargetDependency;
			target = 539019E12033818700B9C41B /* Test AandP */;
			targetProxy = 539019F72033818700B9C41B /* PBXContainerItemProxy */;
		};
		53901A032033818700B9C41B /* PBXTargetDependency */ = {
			isa = PBXTargetDependency;
			target = 539019E12033818700B9C41B /* Test AandP */;
			targetProxy = 53901A022033818700B9C41B /* PBXContainerItemProxy */;
		};
/* End PBXTargetDependency section */

/* Begin PBXVariantGroup section */
		539019E92033818700B9C41B /* Main.storyboard */ = {
			isa = PBXVariantGroup;
			children = (
				539019EA2033818700B9C41B /* Base */,
			);
			name = Main.storyboard;
			sourceTree = "<group>";
		};
		539019EE2033818700B9C41B /* LaunchScreen.storyboard */ = {
			isa = PBXVariantGroup;
			children = (
				539019EF2033818700B9C41B /* Base */,
			);
			name = LaunchScreen.storyboard;
			sourceTree = "<group>";
		};
/* End PBXVariantGroup section */

/* Begin XCBuildConfiguration section */
		53901A082033818700B9C41B /* Debug */ = {
			isa = XCBuildConfiguration;
			buildSettings = {
				ALWAYS_SEARCH_USER_PATHS = NO;
				CLANG_ANALYZER_NONNULL = YES;
				CLANG_ANALYZER_NUMBER_OBJECT_CONVERSION = YES_AGGRESSIVE;
				CLANG_CXX_LANGUAGE_STANDARD = "gnu++14";
				CLANG_CXX_LIBRARY = "libc++";
				CLANG_ENABLE_MODULES = YES;
				CLANG_ENABLE_OBJC_ARC = YES;
				CLANG_WARN_BLOCK_CAPTURE_AUTORELEASING = YES;
				CLANG_WARN_BOOL_CONVERSION = YES;
				CLANG_WARN_COMMA = YES;
				CLANG_WARN_CONSTANT_CONVERSION = YES;
				CLANG_WARN_DIRECT_OBJC_ISA_USAGE = YES_ERROR;
				CLANG_WARN_DOCUMENTATION_COMMENTS = YES;
				CLANG_WARN_EMPTY_BODY = YES;
				CLANG_WARN_ENUM_CONVERSION = YES;
				CLANG_WARN_INFINITE_RECURSION = YES;
				CLANG_WARN_INT_CONVERSION = YES;
				CLANG_WARN_NON_LITERAL_NULL_CONVERSION = YES;
				CLANG_WARN_OBJC_LITERAL_CONVERSION = YES;
				CLANG_WARN_OBJC_ROOT_CLASS = YES_ERROR;
				CLANG_WARN_RANGE_LOOP_ANALYSIS = YES;
				CLANG_WARN_STRICT_PROTOTYPES = YES;
				CLANG_WARN_SUSPICIOUS_MOVE = YES;
				CLANG_WARN_UNGUARDED_AVAILABILITY = YES_AGGRESSIVE;
				CLANG_WARN_UNREACHABLE_CODE = YES;
				CLANG_WARN__DUPLICATE_METHOD_MATCH = YES;
				CODE_SIGN_IDENTITY = "iPhone Developer";
				COPY_PHASE_STRIP = NO;
				DEBUG_INFORMATION_FORMAT = dwarf;
				ENABLE_STRICT_OBJC_MSGSEND = YES;
				ENABLE_TESTABILITY = YES;
				GCC_C_LANGUAGE_STANDARD = gnu11;
				GCC_DYNAMIC_NO_PIC = NO;
				GCC_NO_COMMON_BLOCKS = YES;
				GCC_OPTIMIZATION_LEVEL = 0;
				GCC_PREPROCESSOR_DEFINITIONS = (
					"DEBUG=1",
					"$(inherited)",
				);
				GCC_WARN_64_TO_32_BIT_CONVERSION = YES;
				GCC_WARN_ABOUT_RETURN_TYPE = YES_ERROR;
				GCC_WARN_UNDECLARED_SELECTOR = YES;
				GCC_WARN_UNINITIALIZED_AUTOS = YES_AGGRESSIVE;
				GCC_WARN_UNUSED_FUNCTION = YES;
				GCC_WARN_UNUSED_VARIABLE = YES;
				IPHONEOS_DEPLOYMENT_TARGET = 11.2;
				MTL_ENABLE_DEBUG_INFO = YES;
				ONLY_ACTIVE_ARCH = YES;
				SDKROOT = iphoneos;
				SWIFT_ACTIVE_COMPILATION_CONDITIONS = DEBUG;
				SWIFT_OPTIMIZATION_LEVEL = "-Onone";
			};
			name = Debug;
		};
		53901A092033818700B9C41B /* Release */ = {
			isa = XCBuildConfiguration;
			buildSettings = {
				ALWAYS_SEARCH_USER_PATHS = NO;
				CLANG_ANALYZER_NONNULL = YES;
				CLANG_ANALYZER_NUMBER_OBJECT_CONVERSION = YES_AGGRESSIVE;
				CLANG_CXX_LANGUAGE_STANDARD = "gnu++14";
				CLANG_CXX_LIBRARY = "libc++";
				CLANG_ENABLE_MODULES = YES;
				CLANG_ENABLE_OBJC_ARC = YES;
				CLANG_WARN_BLOCK_CAPTURE_AUTORELEASING = YES;
				CLANG_WARN_BOOL_CONVERSION = YES;
				CLANG_WARN_COMMA = YES;
				CLANG_WARN_CONSTANT_CONVERSION = YES;
				CLANG_WARN_DIRECT_OBJC_ISA_USAGE = YES_ERROR;
				CLANG_WARN_DOCUMENTATION_COMMENTS = YES;
				CLANG_WARN_EMPTY_BODY = YES;
				CLANG_WARN_ENUM_CONVERSION = YES;
				CLANG_WARN_INFINITE_RECURSION = YES;
				CLANG_WARN_INT_CONVERSION = YES;
				CLANG_WARN_NON_LITERAL_NULL_CONVERSION = YES;
				CLANG_WARN_OBJC_LITERAL_CONVERSION = YES;
				CLANG_WARN_OBJC_ROOT_CLASS = YES_ERROR;
				CLANG_WARN_RANGE_LOOP_ANALYSIS = YES;
				CLANG_WARN_STRICT_PROTOTYPES = YES;
				CLANG_WARN_SUSPICIOUS_MOVE = YES;
				CLANG_WARN_UNGUARDED_AVAILABILITY = YES_AGGRESSIVE;
				CLANG_WARN_UNREACHABLE_CODE = YES;
				CLANG_WARN__DUPLICATE_METHOD_MATCH = YES;
				CODE_SIGN_IDENTITY = "iPhone Developer";
				COPY_PHASE_STRIP = NO;
				DEBUG_INFORMATION_FORMAT = "dwarf-with-dsym";
				ENABLE_NS_ASSERTIONS = NO;
				ENABLE_STRICT_OBJC_MSGSEND = YES;
				GCC_C_LANGUAGE_STANDARD = gnu11;
				GCC_NO_COMMON_BLOCKS = YES;
				GCC_WARN_64_TO_32_BIT_CONVERSION = YES;
				GCC_WARN_ABOUT_RETURN_TYPE = YES_ERROR;
				GCC_WARN_UNDECLARED_SELECTOR = YES;
				GCC_WARN_UNINITIALIZED_AUTOS = YES_AGGRESSIVE;
				GCC_WARN_UNUSED_FUNCTION = YES;
				GCC_WARN_UNUSED_VARIABLE = YES;
				IPHONEOS_DEPLOYMENT_TARGET = 11.2;
				MTL_ENABLE_DEBUG_INFO = NO;
				SDKROOT = iphoneos;
				SWIFT_OPTIMIZATION_LEVEL = "-Owholemodule";
				VALIDATE_PRODUCT = YES;
			};
			name = Release;
		};
		53901A0B2033818700B9C41B /* Debug */ = {
			isa = XCBuildConfiguration;
			buildSettings = {
				ASSETCATALOG_COMPILER_APPICON_NAME = AppIcon;
				CODE_SIGN_STYLE = Automatic;
				DEVELOPMENT_TEAM = RZ3DD8UR8T;
				INFOPLIST_FILE = "Test AandP/Info.plist";
				LD_RUNPATH_SEARCH_PATHS = "$(inherited) @executable_path/Frameworks";
				PRODUCT_BUNDLE_IDENTIFIER = "SHSelfTeam.Test-AandP";
				PRODUCT_NAME = "$(TARGET_NAME)";
				SWIFT_VERSION = 4.0;
				TARGETED_DEVICE_FAMILY = "1,2";
			};
			name = Debug;
		};
		53901A0C2033818700B9C41B /* Release */ = {
			isa = XCBuildConfiguration;
			buildSettings = {
				ASSETCATALOG_COMPILER_APPICON_NAME = AppIcon;
				CODE_SIGN_STYLE = Automatic;
				DEVELOPMENT_TEAM = RZ3DD8UR8T;
				INFOPLIST_FILE = "Test AandP/Info.plist";
				LD_RUNPATH_SEARCH_PATHS = "$(inherited) @executable_path/Frameworks";
				PRODUCT_BUNDLE_IDENTIFIER = "SHSelfTeam.Test-AandP";
				PRODUCT_NAME = "$(TARGET_NAME)";
				SWIFT_VERSION = 4.0;
				TARGETED_DEVICE_FAMILY = "1,2";
			};
			name = Release;
		};
		53901A0E2033818700B9C41B /* Debug */ = {
			isa = XCBuildConfiguration;
			buildSettings = {
				ALWAYS_EMBED_SWIFT_STANDARD_LIBRARIES = YES;
				BUNDLE_LOADER = "$(TEST_HOST)";
				CODE_SIGN_STYLE = Automatic;
				DEVELOPMENT_TEAM = RZ3DD8UR8T;
				INFOPLIST_FILE = "Test AandPTests/Info.plist";
				LD_RUNPATH_SEARCH_PATHS = "$(inherited) @executable_path/Frameworks @loader_path/Frameworks";
				PRODUCT_BUNDLE_IDENTIFIER = "SHSelfTeam.Test-AandPTests";
				PRODUCT_NAME = "$(TARGET_NAME)";
				SWIFT_VERSION = 4.0;
				TARGETED_DEVICE_FAMILY = "1,2";
				TEST_HOST = "$(BUILT_PRODUCTS_DIR)/Test AandP.app/Test AandP";
			};
			name = Debug;
		};
		53901A0F2033818700B9C41B /* Release */ = {
			isa = XCBuildConfiguration;
			buildSettings = {
				ALWAYS_EMBED_SWIFT_STANDARD_LIBRARIES = YES;
				BUNDLE_LOADER = "$(TEST_HOST)";
				CODE_SIGN_STYLE = Automatic;
				DEVELOPMENT_TEAM = RZ3DD8UR8T;
				INFOPLIST_FILE = "Test AandPTests/Info.plist";
				LD_RUNPATH_SEARCH_PATHS = "$(inherited) @executable_path/Frameworks @loader_path/Frameworks";
				PRODUCT_BUNDLE_IDENTIFIER = "SHSelfTeam.Test-AandPTests";
				PRODUCT_NAME = "$(TARGET_NAME)";
				SWIFT_VERSION = 4.0;
				TARGETED_DEVICE_FAMILY = "1,2";
				TEST_HOST = "$(BUILT_PRODUCTS_DIR)/Test AandP.app/Test AandP";
			};
			name = Release;
		};
		53901A112033818700B9C41B /* Debug */ = {
			isa = XCBuildConfiguration;
			buildSettings = {
				ALWAYS_EMBED_SWIFT_STANDARD_LIBRARIES = YES;
				CODE_SIGN_STYLE = Automatic;
				DEVELOPMENT_TEAM = RZ3DD8UR8T;
				INFOPLIST_FILE = "Test AandPUITests/Info.plist";
				LD_RUNPATH_SEARCH_PATHS = "$(inherited) @executable_path/Frameworks @loader_path/Frameworks";
				PRODUCT_BUNDLE_IDENTIFIER = "SHSelfTeam.Test-AandPUITests";
				PRODUCT_NAME = "$(TARGET_NAME)";
				SWIFT_VERSION = 4.0;
				TARGETED_DEVICE_FAMILY = "1,2";
				TEST_TARGET_NAME = "Test AandP";
			};
			name = Debug;
		};
		53901A122033818700B9C41B /* Release */ = {
			isa = XCBuildConfiguration;
			buildSettings = {
				ALWAYS_EMBED_SWIFT_STANDARD_LIBRARIES = YES;
				CODE_SIGN_STYLE = Automatic;
				DEVELOPMENT_TEAM = RZ3DD8UR8T;
				INFOPLIST_FILE = "Test AandPUITests/Info.plist";
				LD_RUNPATH_SEARCH_PATHS = "$(inherited) @executable_path/Frameworks @loader_path/Frameworks";
				PRODUCT_BUNDLE_IDENTIFIER = "SHSelfTeam.Test-AandPUITests";
				PRODUCT_NAME = "$(TARGET_NAME)";
				SWIFT_VERSION = 4.0;
				TARGETED_DEVICE_FAMILY = "1,2";
				TEST_TARGET_NAME = "Test AandP";
			};
			name = Release;
		};
/* End XCBuildConfiguration section */

/* Begin XCConfigurationList section */
		539019DD2033818700B9C41B /* Build configuration list for PBXProject "Test AandP" */ = {
			isa = XCConfigurationList;
			buildConfigurations = (
				53901A082033818700B9C41B /* Debug */,
				53901A092033818700B9C41B /* Release */,
			);
			defaultConfigurationIsVisible = 0;
			defaultConfigurationName = Release;
		};
		53901A0A2033818700B9C41B /* Build configuration list for PBXNativeTarget "Test AandP" */ = {
			isa = XCConfigurationList;
			buildConfigurations = (
				53901A0B2033818700B9C41B /* Debug */,
				53901A0C2033818700B9C41B /* Release */,
			);
			defaultConfigurationIsVisible = 0;
			defaultConfigurationName = Release;
		};
		53901A0D2033818700B9C41B /* Build configuration list for PBXNativeTarget "Test AandPTests" */ = {
			isa = XCConfigurationList;
			buildConfigurations = (
				53901A0E2033818700B9C41B /* Debug */,
				53901A0F2033818700B9C41B /* Release */,
			);
			defaultConfigurationIsVisible = 0;
			defaultConfigurationName = Release;
		};
		53901A102033818700B9C41B /* Build configuration list for PBXNativeTarget "Test AandPUITests" */ = {
			isa = XCConfigurationList;
			buildConfigurations = (
				53901A112033818700B9C41B /* Debug */,
				53901A122033818700B9C41B /* Release */,
			);
			defaultConfigurationIsVisible = 0;
			defaultConfigurationName = Release;
		};
/* End XCConfigurationList section */
	};
	rootObject = 539019DA2033818700B9C41B /* Project object */;
}
